
Microsoft Visual Studio Solution File, Format Version 12.00
# Visual Studio Version 17
VisualStudioVersion = 17.7.34024.191
MinimumVisualStudioVersion = 10.0.40219.1
Project("{FAE04EC0-301F-11D3-BF4B-00C04F79EFBC}") = "SampleFluentValidations", "SampleFluentValidations\SampleFluentValidations.csproj", "{EA219EBF-7F64-4A73-907C-B2EB5D3E24A7}"
EndProject
Global
	GlobalSection(SolutionConfigurationPlatforms) = preSolution
		Debug|Any CPU = Debug|Any CPU
		Release|Any CPU = Release|Any CPU
	EndGlobalSection
	GlobalSection(ProjectConfigurationPlatforms) = postSolution
		{EA219EBF-7F64-4A73-907C-B2EB5D3E24A7}.Debug|Any CPU.ActiveCfg = Debug|Any CPU
		{EA219EBF-7F64-4A73-907C-B2EB5D3E24A7}.Debug|Any CPU.Build.0 = Debug|Any CPU
		{EA219EBF-7F64-4A73-907C-B2EB5D3E24A7}.Release|Any CPU.ActiveCfg = Release|Any CPU
		{EA219EBF-7F64-4A73-907C-B2EB5D3E24A7}.Release|Any CPU.Build.0 = Release|Any CPU
	EndGlobalSection
	GlobalSection(SolutionProperties) = preSolution
		HideSolutionNode = FALSE
	EndGlobalSection
	GlobalSection(ExtensibilityGlobals) = postSolution
		SolutionGuid = {3949FD77-7EEA-445A-94CE-EAD5D9AF9E0F}
	EndGlobalSection
EndGlobal
